<?xml version="1.0" encoding="utf-8"?>
<Project ToolsVersion="4.0" xmlns="http://schemas.microsoft.com/developer/msbuild/2003">
  <ItemGroup>
    <Filter Include="src">
      <UniqueIdentifier>{10edef9a-7cc6-4c24-864b-7199bc590f51}</UniqueIdentifier>
    </Filter>
    <Filter Include="src\audio">
      <UniqueIdentifier>{ee6d43cf-0a89-4f77-a924-5837ea23e426}</UniqueIdentifier>
    </Filter>
    <Filter Include="src\engine">
      <UniqueIdentifier>{3292b6dc-bcc5-46d5-9f72-cda6d30b23e2}</UniqueIdentifier>
    </Filter>
    <Filter Include="src\input">
      <UniqueIdentifier>{f00b0e90-52b6-48d2-ac6a-ddcd3f7376a9}</UniqueIdentifier>
    </Filter>
    <Filter Include="src\event">
      <UniqueIdentifier>{0552df4d-d6f2-48c6-b0d4-5e52cc4ca5ed}</UniqueIdentifier>
    </Filter>
    <Filter Include="src\windows">
      <UniqueIdentifier>{208c32dc-ea35-4348-a986-ebaf57f567bc}</UniqueIdentifier>
    </Filter>
    <Filter Include="src\core">
      <UniqueIdentifier>{3fc7afbc-92b1-4109-bd1d-d8a151aad4f8}</UniqueIdentifier>
    </Filter>
    <Filter Include="src\core\math">
      <UniqueIdentifier>{8b8356df-593f-466d-91cd-b397100b1d51}</UniqueIdentifier>
    </Filter>
    <Filter Include="src\renderer">
      <UniqueIdentifier>{939c5dc6-ea4e-46a4-afbf-fc46b6a4033b}</UniqueIdentifier>
    </Filter>
    <Filter Include="src\scene">
      <UniqueIdentifier>{a6025d3b-52ea-499b-8b11-c6db824a8b38}</UniqueIdentifier>
    </Filter>
    <Filter Include="src\physics">
      <UniqueIdentifier>{7096531d-cb16-40a9-935b-49b72d1501dc}</UniqueIdentifier>
    </Filter>
    <Filter Include="src\resource">
      <UniqueIdentifier>{c34ef27a-4aad-4a53-98ea-54fe77dc4c8c}</UniqueIdentifier>
    </Filter>
    <Filter Include="src\import">
      <UniqueIdentifier>{24b4a62d-6726-46dd-b976-bfef4f177168}</UniqueIdentifier>
    </Filter>
  </ItemGroup>
  <ItemGroup>
    <ClCompile Include="src\audio\audioclip.cpp">
      <Filter>src\audio</Filter>
    </ClCompile>
    <ClCompile Include="src\audio\sourcevoice.cpp">
      <Filter>src\audio</Filter>
    </ClCompile>
    <ClCompile Include="src\engine\killmeengine.cpp">
      <Filter>src\engine</Filter>
    </ClCompile>
    <ClCompile Include="src\core\string.cpp">
      <Filter>src\core</Filter>
    </ClCompile>
    <ClCompile Include="src\windows\console.cpp">
      <Filter>src\windows</Filter>
    </ClCompile>
    <ClCompile Include="src\input\keycode.cpp">
      <Filter>src\input</Filter>
    </ClCompile>
    <ClCompile Include="src\input\inputmanager.cpp">
      <Filter>src\input</Filter>
    </ClCompile>
    <ClCompile Include="src\core\math\color.cpp">
      <Filter>src\core\math</Filter>
    </ClCompile>
    <ClCompile Include="src\renderer\commandlist.cpp">
      <Filter>src\renderer</Filter>
    </ClCompile>
    <ClCompile Include="src\renderer\rootsignature.cpp">
      <Filter>src\renderer</Filter>
    </ClCompile>
    <ClCompile Include="src\renderer\vertexshader.cpp">
      <Filter>src\renderer</Filter>
    </ClCompile>
    <ClCompile Include="src\renderer\vertexdata.cpp">
      <Filter>src\renderer</Filter>
    </ClCompile>
    <ClCompile Include="src\core\math\math.cpp">
      <Filter>src\core\math</Filter>
    </ClCompile>
    <ClCompile Include="src\core\math\matrix44.cpp">
      <Filter>src\core\math</Filter>
    </ClCompile>
    <ClCompile Include="src\core\math\quaternion.cpp">
      <Filter>src\core\math</Filter>
    </ClCompile>
    <ClCompile Include="src\core\math\vector3.cpp">
      <Filter>src\core\math</Filter>
    </ClCompile>
    <ClCompile Include="src\renderer\rendersystem.cpp">
      <Filter>src\renderer</Filter>
    </ClCompile>
    <ClCompile Include="src\core\exception.cpp">
      <Filter>src\core</Filter>
    </ClCompile>
    <ClCompile Include="src\renderer\pixelshader.cpp">
      <Filter>src\renderer</Filter>
    </ClCompile>
    <ClCompile Include="src\scene\scenemanager.cpp">
      <Filter>src\scene</Filter>
    </ClCompile>
    <ClCompile Include="src\scene\scenenode.cpp">
      <Filter>src\scene</Filter>
    </ClCompile>
    <ClCompile Include="src\renderer\d3dsupport.cpp">
      <Filter>src\renderer</Filter>
    </ClCompile>
    <ClCompile Include="src\audio\audiomanager.cpp">
      <Filter>src\audio</Filter>
    </ClCompile>
    <ClCompile Include="src\renderer\shader.cpp">
      <Filter>src\renderer</Filter>
    </ClCompile>
    <ClCompile Include="src\scene\material.cpp">
      <Filter>src\scene</Filter>
    </ClCompile>
    <ClCompile Include="src\core\optional.cpp">
      <Filter>src\core</Filter>
    </ClCompile>
    <ClCompile Include="src\event\eventmanager.cpp">
      <Filter>src\event</Filter>
    </ClCompile>
    <ClCompile Include="src\event\event.cpp">
      <Filter>src\event</Filter>
    </ClCompile>
    <ClCompile Include="src\audio\audio3d.cpp">
      <Filter>src\audio</Filter>
    </ClCompile>
    <ClCompile Include="src\physics\collisionshape.cpp">
      <Filter>src\physics</Filter>
    </ClCompile>
    <ClCompile Include="src\physics\physicsmanager.cpp">
      <Filter>src\physics</Filter>
    </ClCompile>
    <ClCompile Include="src\physics\rigidbody.cpp">
      <Filter>src\physics</Filter>
    </ClCompile>
    <ClCompile Include="src\scene\debugdrawmanager.cpp">
      <Filter>src\scene</Filter>
    </ClCompile>
    <ClCompile Include="src\resource\resourcemanager.cpp">
      <Filter>src\resource</Filter>
    </ClCompile>
    <ClCompile Include="src\resource\resource.cpp">
      <Filter>src\resource</Filter>
    </ClCompile>
    <ClCompile Include="src\scene\materialparser.cpp">
      <Filter>src\scene</Filter>
    </ClCompile>
    <ClCompile Include="src\import\fbxmeshimporter.cpp">
      <Filter>src\import</Filter>
    </ClCompile>
  </ItemGroup>
  <ItemGroup>
    <ClInclude Include="src\audio\audioclip.h">
      <Filter>src\audio</Filter>
    </ClInclude>
    <ClInclude Include="src\audio\sourcevoice.h">
      <Filter>src\audio</Filter>
    </ClInclude>
    <ClInclude Include="src\audio\xaudiosupport.h">
      <Filter>src\audio</Filter>
    </ClInclude>
    <ClInclude Include="src\engine\killmeengine.h">
      <Filter>src\engine</Filter>
    </ClInclude>
    <ClInclude Include="src\core\exception.h">
      <Filter>src\core</Filter>
    </ClInclude>
    <ClInclude Include="src\core\string.h">
      <Filter>src\core</Filter>
    </ClInclude>
    <ClInclude Include="src\event\event.h">
      <Filter>src\event</Filter>
    </ClInclude>
    <ClInclude Include="src\input\keycode.h">
      <Filter>src\input</Filter>
    </ClInclude>
    <ClInclude Include="src\windows\console.h">
      <Filter>src\windows</Filter>
    </ClInclude>
    <ClInclude Include="src\windows\winsupport.h">
      <Filter>src\windows</Filter>
    </ClInclude>
    <ClInclude Include="src\input\inputmanager.h">
      <Filter>src\input</Filter>
    </ClInclude>
    <ClInclude Include="src\core\math\color.h">
      <Filter>src\core\math</Filter>
    </ClInclude>
    <ClInclude Include="src\renderer\commandlist.h">
      <Filter>src\renderer</Filter>
    </ClInclude>
    <ClInclude Include="src\renderer\d3dsupport.h">
      <Filter>src\renderer</Filter>
    </ClInclude>
    <ClInclude Include="src\renderer\renderstate.h">
      <Filter>src\renderer</Filter>
    </ClInclude>
    <ClInclude Include="src\renderer\rootsignature.h">
      <Filter>src\renderer</Filter>
    </ClInclude>
    <ClInclude Include="src\renderer\vertexshader.h">
      <Filter>src\renderer</Filter>
    </ClInclude>
    <ClInclude Include="src\renderer\shader.h">
      <Filter>src\renderer</Filter>
    </ClInclude>
    <ClInclude Include="src\renderer\pixelshader.h">
      <Filter>src\renderer</Filter>
    </ClInclude>
    <ClInclude Include="src\renderer\vertexdata.h">
      <Filter>src\renderer</Filter>
    </ClInclude>
    <ClInclude Include="src\renderer\constantbuffer.h">
      <Filter>src\renderer</Filter>
    </ClInclude>
    <ClInclude Include="src\core\math\math.h">
      <Filter>src\core\math</Filter>
    </ClInclude>
    <ClInclude Include="src\core\math\matrix44.h">
      <Filter>src\core\math</Filter>
    </ClInclude>
    <ClInclude Include="src\core\math\quaternion.h">
      <Filter>src\core\math</Filter>
    </ClInclude>
    <ClInclude Include="src\core\math\vector3.h">
      <Filter>src\core\math</Filter>
    </ClInclude>
    <ClInclude Include="src\renderer\rendersystem.h">
      <Filter>src\renderer</Filter>
    </ClInclude>
    <ClInclude Include="src\core\variant.h">
      <Filter>src\core</Filter>
    </ClInclude>
    <ClInclude Include="src\renderer\inputlayout.h">
      <Filter>src\renderer</Filter>
    </ClInclude>
    <ClInclude Include="src\renderer\pipelinestate.h">
      <Filter>src\renderer</Filter>
    </ClInclude>
    <ClInclude Include="src\scene\camera.h">
      <Filter>src\scene</Filter>
    </ClInclude>
    <ClInclude Include="src\scene\material.h">
      <Filter>src\scene</Filter>
    </ClInclude>
    <ClInclude Include="src\scene\mesh.h">
      <Filter>src\scene</Filter>
    </ClInclude>
    <ClInclude Include="src\scene\meshentity.h">
      <Filter>src\scene</Filter>
    </ClInclude>
    <ClInclude Include="src\scene\sceneentity.h">
      <Filter>src\scene</Filter>
    </ClInclude>
    <ClInclude Include="src\scene\scenemanager.h">
      <Filter>src\scene</Filter>
    </ClInclude>
    <ClInclude Include="src\scene\scenenode.h">
      <Filter>src\scene</Filter>
    </ClInclude>
    <ClInclude Include="src\scene\scenevisitor.h">
      <Filter>src\scene</Filter>
    </ClInclude>
    <ClInclude Include="src\scene\boxmesh.h">
      <Filter>src\scene</Filter>
    </ClInclude>
    <ClInclude Include="src\renderer\depthstencil.h">
      <Filter>src\renderer</Filter>
    </ClInclude>
    <ClInclude Include="src\audio\audiomanager.h">
      <Filter>src\audio</Filter>
    </ClInclude>
    <ClInclude Include="src\renderer\gpuresourceheap.h">
      <Filter>src\renderer</Filter>
    </ClInclude>
    <ClInclude Include="src\renderer\rendertarget.h">
      <Filter>src\renderer</Filter>
    </ClInclude>
    <ClInclude Include="src\core\optional.h">
      <Filter>src\core</Filter>
    </ClInclude>
    <ClInclude Include="src\core\utility.h">
      <Filter>src\core</Filter>
    </ClInclude>
    <ClInclude Include="src\event\eventmanager.h">
      <Filter>src\event</Filter>
    </ClInclude>
    <ClInclude Include="src\audio\audio3d.h">
      <Filter>src\audio</Filter>
    </ClInclude>
    <ClInclude Include="src\physics\collisionshape.h">
      <Filter>src\physics</Filter>
    </ClInclude>
    <ClInclude Include="src\physics\bulletsupport.h">
      <Filter>src\physics</Filter>
    </ClInclude>
    <ClInclude Include="src\physics\physicsmanager.h">
      <Filter>src\physics</Filter>
    </ClInclude>
    <ClInclude Include="src\physics\rigidbody.h">
      <Filter>src\physics</Filter>
    </ClInclude>
    <ClInclude Include="src\scene\debugdrawmanager.h">
      <Filter>src\scene</Filter>
    </ClInclude>
    <ClInclude Include="src\core\platform.h">
      <Filter>src\core</Filter>
    </ClInclude>
    <ClInclude Include="src\resource\resource.h">
      <Filter>src\resource</Filter>
    </ClInclude>
    <ClInclude Include="src\resource\resourcemanager.h">
      <Filter>src\resource</Filter>
    </ClInclude>
    <ClInclude Include="src\import\fbxsupport.h">
      <Filter>src\import</Filter>
    </ClInclude>
    <ClInclude Include="src\import\fbxmeshimporter.h">
      <Filter>src\import</Filter>
    </ClInclude>
  </ItemGroup>
</Project>