<?xml version="1.0" encoding="utf-8"?>
<Project ToolsVersion="4.0" xmlns="http://schemas.microsoft.com/developer/msbuild/2003">
  <ItemGroup>
    <Filter Include="src">
      <UniqueIdentifier>{10edef9a-7cc6-4c24-864b-7199bc590f51}</UniqueIdentifier>
    </Filter>
    <Filter Include="src\audio">
      <UniqueIdentifier>{ee6d43cf-0a89-4f77-a924-5837ea23e426}</UniqueIdentifier>
    </Filter>
    <Filter Include="src\windows">
      <UniqueIdentifier>{208c32dc-ea35-4348-a986-ebaf57f567bc}</UniqueIdentifier>
    </Filter>
    <Filter Include="src\core">
      <UniqueIdentifier>{3fc7afbc-92b1-4109-bd1d-d8a151aad4f8}</UniqueIdentifier>
    </Filter>
    <Filter Include="src\core\math">
      <UniqueIdentifier>{8b8356df-593f-466d-91cd-b397100b1d51}</UniqueIdentifier>
    </Filter>
    <Filter Include="src\renderer">
      <UniqueIdentifier>{939c5dc6-ea4e-46a4-afbf-fc46b6a4033b}</UniqueIdentifier>
    </Filter>
    <Filter Include="src\physics">
      <UniqueIdentifier>{7096531d-cb16-40a9-935b-49b72d1501dc}</UniqueIdentifier>
    </Filter>
    <Filter Include="src\resources">
      <UniqueIdentifier>{c34ef27a-4aad-4a53-98ea-54fe77dc4c8c}</UniqueIdentifier>
    </Filter>
    <Filter Include="src\processes">
      <UniqueIdentifier>{49a40820-ee69-44ae-b530-7a8631361825}</UniqueIdentifier>
    </Filter>
    <Filter Include="src\engine">
      <UniqueIdentifier>{2d422d0b-9602-4a69-b9a4-ebdee9b0d04e}</UniqueIdentifier>
    </Filter>
    <Filter Include="src\import">
      <UniqueIdentifier>{101d6d2d-c3cc-478b-aaeb-bd83e2bd89ab}</UniqueIdentifier>
    </Filter>
    <Filter Include="src\events">
      <UniqueIdentifier>{0552df4d-d6f2-48c6-b0d4-5e52cc4ca5ed}</UniqueIdentifier>
    </Filter>
    <Filter Include="src\engine\components">
      <UniqueIdentifier>{d79f53fb-c9aa-4e2f-bda1-39cc53b45807}</UniqueIdentifier>
    </Filter>
    <Filter Include="src\scene">
      <UniqueIdentifier>{0883153e-8597-4155-afbd-e47cabd61863}</UniqueIdentifier>
    </Filter>
  </ItemGroup>
  <ItemGroup>
    <ClCompile Include="src\audio\audioclip.cpp">
      <Filter>src\audio</Filter>
    </ClCompile>
    <ClCompile Include="src\audio\sourcevoice.cpp">
      <Filter>src\audio</Filter>
    </ClCompile>
    <ClCompile Include="src\core\string.cpp">
      <Filter>src\core</Filter>
    </ClCompile>
    <ClCompile Include="src\windows\console.cpp">
      <Filter>src\windows</Filter>
    </ClCompile>
    <ClCompile Include="src\core\math\color.cpp">
      <Filter>src\core\math</Filter>
    </ClCompile>
    <ClCompile Include="src\renderer\commandlist.cpp">
      <Filter>src\renderer</Filter>
    </ClCompile>
    <ClCompile Include="src\renderer\rootsignature.cpp">
      <Filter>src\renderer</Filter>
    </ClCompile>
    <ClCompile Include="src\renderer\vertexdata.cpp">
      <Filter>src\renderer</Filter>
    </ClCompile>
    <ClCompile Include="src\core\math\math.cpp">
      <Filter>src\core\math</Filter>
    </ClCompile>
    <ClCompile Include="src\core\math\matrix44.cpp">
      <Filter>src\core\math</Filter>
    </ClCompile>
    <ClCompile Include="src\core\math\quaternion.cpp">
      <Filter>src\core\math</Filter>
    </ClCompile>
    <ClCompile Include="src\core\math\vector3.cpp">
      <Filter>src\core\math</Filter>
    </ClCompile>
    <ClCompile Include="src\renderer\rendersystem.cpp">
      <Filter>src\renderer</Filter>
    </ClCompile>
    <ClCompile Include="src\core\exception.cpp">
      <Filter>src\core</Filter>
    </ClCompile>
    <ClCompile Include="src\renderer\d3dsupport.cpp">
      <Filter>src\renderer</Filter>
    </ClCompile>
    <ClCompile Include="src\core\optional.cpp">
      <Filter>src\core</Filter>
    </ClCompile>
    <ClCompile Include="src\physics\collisionshape.cpp">
      <Filter>src\physics</Filter>
    </ClCompile>
    <ClCompile Include="src\physics\rigidbody.cpp">
      <Filter>src\physics</Filter>
    </ClCompile>
    <ClCompile Include="src\resources\resourcemanager.cpp">
      <Filter>src\resources</Filter>
    </ClCompile>
    <ClCompile Include="src\physics\physicsworld.cpp">
      <Filter>src\physics</Filter>
    </ClCompile>
    <ClCompile Include="src\scene\material.cpp">
      <Filter>src\scene</Filter>
    </ClCompile>
    <ClCompile Include="src\scene\scene.cpp">
      <Filter>src\scene</Filter>
    </ClCompile>
    <ClCompile Include="src\import\fbxmeshimporter.cpp">
      <Filter>src\import</Filter>
    </ClCompile>
    <ClCompile Include="src\engine\actor.cpp">
      <Filter>src\engine</Filter>
    </ClCompile>
    <ClCompile Include="src\engine\runtime.cpp">
      <Filter>src\engine</Filter>
    </ClCompile>
    <ClCompile Include="src\scene\debugdrawmanager.cpp">
      <Filter>src\scene</Filter>
    </ClCompile>
    <ClCompile Include="src\engine\debug.cpp">
      <Filter>src\engine</Filter>
    </ClCompile>
    <ClCompile Include="src\scene\effecttechnique.cpp">
      <Filter>src\scene</Filter>
    </ClCompile>
    <ClCompile Include="src\scene\effectpass.cpp">
      <Filter>src\scene</Filter>
    </ClCompile>
    <ClCompile Include="src\renderer\renderstate.cpp">
      <Filter>src\renderer</Filter>
    </ClCompile>
    <ClCompile Include="src\renderer\bmpcodec.cpp">
      <Filter>src\renderer</Filter>
    </ClCompile>
    <ClCompile Include="src\renderer\image.cpp">
      <Filter>src\renderer</Filter>
    </ClCompile>
    <ClCompile Include="src\renderer\texture.h">
      <Filter>src\renderer</Filter>
    </ClCompile>
    <ClCompile Include="src\scene\materialcreation.cpp">
      <Filter>src\scene</Filter>
    </ClCompile>
    <ClCompile Include="src\renderer\shaders.cpp">
      <Filter>src\renderer</Filter>
    </ClCompile>
    <ClCompile Include="src\events\eventdispatcher.cpp">
      <Filter>src\events</Filter>
    </ClCompile>
    <ClCompile Include="src\core\math\transform.cpp">
      <Filter>src\core\math</Filter>
    </ClCompile>
    <ClCompile Include="src\audio\audiomanager.cpp">
      <Filter>src\audio</Filter>
    </ClCompile>
    <ClCompile Include="src\audio\audioworld.cpp">
      <Filter>src\audio</Filter>
    </ClCompile>
    <ClCompile Include="src\engine\level.cpp">
      <Filter>src\engine</Filter>
    </ClCompile>
    <ClCompile Include="src\engine\components\actorcomponent.cpp">
      <Filter>src\engine\components</Filter>
    </ClCompile>
    <ClCompile Include="src\engine\components\transformcomponent.cpp">
      <Filter>src\engine\components</Filter>
    </ClCompile>
    <ClCompile Include="src\engine\graphicssystem.cpp">
      <Filter>src\engine</Filter>
    </ClCompile>
    <ClCompile Include="src\engine\resourcemanagesystem.cpp">
      <Filter>src\engine</Filter>
    </ClCompile>
    <ClCompile Include="src\engine\audiosystem.cpp">
      <Filter>src\engine</Filter>
    </ClCompile>
    <ClCompile Include="src\engine\inputmanager.cpp">
      <Filter>src\engine</Filter>
    </ClCompile>
    <ClCompile Include="src\engine\components\audiocomponent.cpp">
      <Filter>src\engine\components</Filter>
    </ClCompile>
    <ClCompile Include="src\engine\components\listenercomponent.cpp">
      <Filter>src\engine\components</Filter>
    </ClCompile>
    <ClCompile Include="src\engine\components\rigidbodycomponent.cpp">
      <Filter>src\engine\components</Filter>
    </ClCompile>
    <ClCompile Include="src\engine\components\cameracomponent.cpp">
      <Filter>src\engine\components</Filter>
    </ClCompile>
    <ClCompile Include="src\engine\components\meshcomponent.cpp">
      <Filter>src\engine\components</Filter>
    </ClCompile>
    <ClCompile Include="src\engine\components\pointlightcomponent.cpp">
      <Filter>src\engine\components</Filter>
    </ClCompile>
    <ClCompile Include="src\engine\components\directionallightcomponent.cpp">
      <Filter>src\engine\components</Filter>
    </ClCompile>
    <ClCompile Include="src\renderer\resourcebarrior.h">
      <Filter>src\renderer</Filter>
    </ClCompile>
    <ClCompile Include="src\renderer\pixels.cpp">
      <Filter>src\renderer</Filter>
    </ClCompile>
  </ItemGroup>
  <ItemGroup>
    <ClInclude Include="src\audio\audioclip.h">
      <Filter>src\audio</Filter>
    </ClInclude>
    <ClInclude Include="src\audio\sourcevoice.h">
      <Filter>src\audio</Filter>
    </ClInclude>
    <ClInclude Include="src\audio\xaudiosupport.h">
      <Filter>src\audio</Filter>
    </ClInclude>
    <ClInclude Include="src\core\exception.h">
      <Filter>src\core</Filter>
    </ClInclude>
    <ClInclude Include="src\core\string.h">
      <Filter>src\core</Filter>
    </ClInclude>
    <ClInclude Include="src\windows\console.h">
      <Filter>src\windows</Filter>
    </ClInclude>
    <ClInclude Include="src\windows\winsupport.h">
      <Filter>src\windows</Filter>
    </ClInclude>
    <ClInclude Include="src\core\math\color.h">
      <Filter>src\core\math</Filter>
    </ClInclude>
    <ClInclude Include="src\renderer\commandlist.h">
      <Filter>src\renderer</Filter>
    </ClInclude>
    <ClInclude Include="src\renderer\d3dsupport.h">
      <Filter>src\renderer</Filter>
    </ClInclude>
    <ClInclude Include="src\renderer\renderstate.h">
      <Filter>src\renderer</Filter>
    </ClInclude>
    <ClInclude Include="src\renderer\rootsignature.h">
      <Filter>src\renderer</Filter>
    </ClInclude>
    <ClInclude Include="src\renderer\vertexdata.h">
      <Filter>src\renderer</Filter>
    </ClInclude>
    <ClInclude Include="src\renderer\constantbuffer.h">
      <Filter>src\renderer</Filter>
    </ClInclude>
    <ClInclude Include="src\core\math\math.h">
      <Filter>src\core\math</Filter>
    </ClInclude>
    <ClInclude Include="src\core\math\matrix44.h">
      <Filter>src\core\math</Filter>
    </ClInclude>
    <ClInclude Include="src\core\math\quaternion.h">
      <Filter>src\core\math</Filter>
    </ClInclude>
    <ClInclude Include="src\core\math\vector3.h">
      <Filter>src\core\math</Filter>
    </ClInclude>
    <ClInclude Include="src\renderer\rendersystem.h">
      <Filter>src\renderer</Filter>
    </ClInclude>
    <ClInclude Include="src\core\variant.h">
      <Filter>src\core</Filter>
    </ClInclude>
    <ClInclude Include="src\renderer\inputlayout.h">
      <Filter>src\renderer</Filter>
    </ClInclude>
    <ClInclude Include="src\renderer\pipelinestate.h">
      <Filter>src\renderer</Filter>
    </ClInclude>
    <ClInclude Include="src\renderer\depthstencil.h">
      <Filter>src\renderer</Filter>
    </ClInclude>
    <ClInclude Include="src\renderer\gpuresourceheap.h">
      <Filter>src\renderer</Filter>
    </ClInclude>
    <ClInclude Include="src\renderer\rendertarget.h">
      <Filter>src\renderer</Filter>
    </ClInclude>
    <ClInclude Include="src\core\optional.h">
      <Filter>src\core</Filter>
    </ClInclude>
    <ClInclude Include="src\core\utility.h">
      <Filter>src\core</Filter>
    </ClInclude>
    <ClInclude Include="src\physics\collisionshape.h">
      <Filter>src\physics</Filter>
    </ClInclude>
    <ClInclude Include="src\physics\bulletsupport.h">
      <Filter>src\physics</Filter>
    </ClInclude>
    <ClInclude Include="src\physics\rigidbody.h">
      <Filter>src\physics</Filter>
    </ClInclude>
    <ClInclude Include="src\core\platform.h">
      <Filter>src\core</Filter>
    </ClInclude>
    <ClInclude Include="src\core\math\transform.h">
      <Filter>src\core\math</Filter>
    </ClInclude>
    <ClInclude Include="src\resources\resource.h">
      <Filter>src\resources</Filter>
    </ClInclude>
    <ClInclude Include="src\resources\resourcemanager.h">
      <Filter>src\resources</Filter>
    </ClInclude>
    <ClInclude Include="src\physics\physicsworld.h">
      <Filter>src\physics</Filter>
    </ClInclude>
    <ClInclude Include="src\scene\camera.h">
      <Filter>src\scene</Filter>
    </ClInclude>
    <ClInclude Include="src\scene\material.h">
      <Filter>src\scene</Filter>
    </ClInclude>
    <ClInclude Include="src\scene\mesh.h">
      <Filter>src\scene</Filter>
    </ClInclude>
    <ClInclude Include="src\processes\process.h">
      <Filter>src\processes</Filter>
    </ClInclude>
    <ClInclude Include="src\processes\processscheduler.h">
      <Filter>src\processes</Filter>
    </ClInclude>
    <ClInclude Include="src\import\fbxmeshimporter.h">
      <Filter>src\import</Filter>
    </ClInclude>
    <ClInclude Include="src\import\fbxsupport.h">
      <Filter>src\import</Filter>
    </ClInclude>
    <ClInclude Include="src\events\event.h">
      <Filter>src\events</Filter>
    </ClInclude>
    <ClInclude Include="src\events\eventdispatcher.h">
      <Filter>src\events</Filter>
    </ClInclude>
    <ClInclude Include="src\engine\actor.h">
      <Filter>src\engine</Filter>
    </ClInclude>
    <ClInclude Include="src\engine\runtime.h">
      <Filter>src\engine</Filter>
    </ClInclude>
    <ClInclude Include="src\killmetech.h">
      <Filter>src</Filter>
    </ClInclude>
    <ClInclude Include="src\scene\debugdrawmanager.h">
      <Filter>src\scene</Filter>
    </ClInclude>
    <ClInclude Include="src\engine\debug.h">
      <Filter>src\engine</Filter>
    </ClInclude>
    <ClInclude Include="src\engine\components\actorcomponent.h">
      <Filter>src\engine\components</Filter>
    </ClInclude>
    <ClInclude Include="src\engine\components\transformcomponent.h">
      <Filter>src\engine\components</Filter>
    </ClInclude>
    <ClInclude Include="src\scene\effectpass.h">
      <Filter>src\scene</Filter>
    </ClInclude>
    <ClInclude Include="src\scene\effecttechnique.h">
      <Filter>src\scene</Filter>
    </ClInclude>
    <ClInclude Include="src\scene\light.h">
      <Filter>src\scene</Filter>
    </ClInclude>
    <ClInclude Include="src\renderer\image.h">
      <Filter>src\renderer</Filter>
    </ClInclude>
    <ClInclude Include="src\scene\materialcreation.h">
      <Filter>src\scene</Filter>
    </ClInclude>
    <ClInclude Include="src\renderer\shaders.h">
      <Filter>src\renderer</Filter>
    </ClInclude>
    <ClInclude Include="src\engine\level.h">
      <Filter>src\engine</Filter>
    </ClInclude>
    <ClInclude Include="src\scene\scene.h">
      <Filter>src\scene</Filter>
    </ClInclude>
    <ClInclude Include="src\audio\audiomanager.h">
      <Filter>src\audio</Filter>
    </ClInclude>
    <ClInclude Include="src\audio\audioworld.h">
      <Filter>src\audio</Filter>
    </ClInclude>
    <ClInclude Include="src\scene\meshinstance.h">
      <Filter>src\scene</Filter>
    </ClInclude>
    <ClInclude Include="src\engine\graphicssystem.h">
      <Filter>src\engine</Filter>
    </ClInclude>
    <ClInclude Include="src\engine\resourcemanagesystem.h">
      <Filter>src\engine</Filter>
    </ClInclude>
    <ClInclude Include="src\engine\audiosystem.h">
      <Filter>src\engine</Filter>
    </ClInclude>
    <ClInclude Include="src\engine\inputmanager.h">
      <Filter>src\engine</Filter>
    </ClInclude>
    <ClInclude Include="src\engine\keycode.h">
      <Filter>src\engine</Filter>
    </ClInclude>
    <ClInclude Include="src\engine\eventdef.h">
      <Filter>src\engine</Filter>
    </ClInclude>
    <ClInclude Include="src\engine\components\audiocomponent.h">
      <Filter>src\engine\components</Filter>
    </ClInclude>
    <ClInclude Include="src\engine\components\listenercomponent.h">
      <Filter>src\engine\components</Filter>
    </ClInclude>
    <ClInclude Include="src\engine\components\rigidbodycomponent.h">
      <Filter>src\engine\components</Filter>
    </ClInclude>
    <ClInclude Include="src\engine\components\cameracomponent.h">
      <Filter>src\engine\components</Filter>
    </ClInclude>
    <ClInclude Include="src\engine\components\meshcomponent.h">
      <Filter>src\engine\components</Filter>
    </ClInclude>
    <ClInclude Include="src\engine\components\pointlightcomponent.h">
      <Filter>src\engine\components</Filter>
    </ClInclude>
    <ClInclude Include="src\engine\components\directionallightcomponent.h">
      <Filter>src\engine\components</Filter>
    </ClInclude>
    <ClInclude Include="src\renderer\pixels.h">
      <Filter>src\renderer</Filter>
    </ClInclude>
    <ClInclude Include="src\renderer\commandqueue.h">
      <Filter>src\renderer</Filter>
    </ClInclude>
    <ClInclude Include="src\renderer\commandallocator.h">
      <Filter>src\renderer</Filter>
    </ClInclude>
  </ItemGroup>
</Project>